
Microsoft Visual Studio Solution File, Format Version 12.00
# Visual Studio Version 17
VisualStudioVersion = 17.12.35527.113
MinimumVisualStudioVersion = 10.0.40219.1
Project("{FAE04EC0-301F-11D3-BF4B-00C04F79EFBC}") = "RMT_API", "RMT_API\RMT_API.csproj", "{D0E473E6-D5C6-47EC-99A3-86DA9D903E18}"
EndProject
Project("{E24C65DC-7377-472B-9ABA-BC803B73C61A}") = "my-next-app", "my-next-app\", "{80795E9B-21EC-45C9-93D5-CC38F4459552}"
	ProjectSection(WebsiteProperties) = preProject
		TargetFrameworkMoniker = ".NETFramework,Version%3Dv4.8.1"
		Debug.AspNetCompiler.VirtualPath = "/localhost_54566"
		Debug.AspNetCompiler.PhysicalPath = "my-next-app\"
		Debug.AspNetCompiler.TargetPath = "PrecompiledWeb\localhost_54566\"
		Debug.AspNetCompiler.Updateable = "true"
		Debug.AspNetCompiler.ForceOverwrite = "true"
		Debug.AspNetCompiler.FixedNames = "false"
		Debug.AspNetCompiler.Debug = "True"
		Release.AspNetCompiler.VirtualPath = "/localhost_54566"
		Release.AspNetCompiler.PhysicalPath = "my-next-app\"
		Release.AspNetCompiler.TargetPath = "PrecompiledWeb\localhost_54566\"
		Release.AspNetCompiler.Updateable = "true"
		Release.AspNetCompiler.ForceOverwrite = "true"
		Release.AspNetCompiler.FixedNames = "false"
		Release.AspNetCompiler.Debug = "False"
		VWDPort = "54566"
	EndProjectSection
EndProject
Global
	GlobalSection(SolutionConfigurationPlatforms) = preSolution
		Debug|Any CPU = Debug|Any CPU
		Release|Any CPU = Release|Any CPU
	EndGlobalSection
	GlobalSection(ProjectConfigurationPlatforms) = postSolution
		{D0E473E6-D5C6-47EC-99A3-86DA9D903E18}.Debug|Any CPU.ActiveCfg = Debug|Any CPU
		{D0E473E6-D5C6-47EC-99A3-86DA9D903E18}.Debug|Any CPU.Build.0 = Debug|Any CPU
		{D0E473E6-D5C6-47EC-99A3-86DA9D903E18}.Release|Any CPU.ActiveCfg = Release|Any CPU
		{D0E473E6-D5C6-47EC-99A3-86DA9D903E18}.Release|Any CPU.Build.0 = Release|Any CPU
		{80795E9B-21EC-45C9-93D5-CC38F4459552}.Debug|Any CPU.ActiveCfg = Debug|Any CPU
		{80795E9B-21EC-45C9-93D5-CC38F4459552}.Debug|Any CPU.Build.0 = Debug|Any CPU
		{80795E9B-21EC-45C9-93D5-CC38F4459552}.Release|Any CPU.ActiveCfg = Debug|Any CPU
		{80795E9B-21EC-45C9-93D5-CC38F4459552}.Release|Any CPU.Build.0 = Debug|Any CPU
	EndGlobalSection
	GlobalSection(SolutionProperties) = preSolution
		HideSolutionNode = FALSE
	EndGlobalSection
EndGlobal
